
Microsoft Visual Studio Solution File, Format Version 12.00
# Visual Studio Version 17
VisualStudioVersion = 17.2.32516.85
MinimumVisualStudioVersion = 10.0.40219.1
Project("{9A19103F-16F7-4668-BE54-9A1E7A4F7556}") = "Ram Monitor", "Ram Monitor\Ram Monitor.csproj", "{68B5AD84-7D79-4B40-A7EF-B994EA01B318}"
EndProject
Project("{9A19103F-16F7-4668-BE54-9A1E7A4F7556}") = "RamMonitor.WindowsService", "RamMonitorService\RamMonitor.WindowsService.csproj", "{C1BA20D9-49AC-448E-9A08-701F67026340}"
EndProject
Global
	GlobalSection(SolutionConfigurationPlatforms) = preSolution
		Debug|Any CPU = Debug|Any CPU
		Release|Any CPU = Release|Any CPU
	EndGlobalSection
	GlobalSection(ProjectConfigurationPlatforms) = postSolution
		{68B5AD84-7D79-4B40-A7EF-B994EA01B318}.Debug|Any CPU.ActiveCfg = Debug|Any CPU
		{68B5AD84-7D79-4B40-A7EF-B994EA01B318}.Debug|Any CPU.Build.0 = Debug|Any CPU
		{68B5AD84-7D79-4B40-A7EF-B994EA01B318}.Release|Any CPU.ActiveCfg = Release|Any CPU
		{68B5AD84-7D79-4B40-A7EF-B994EA01B318}.Release|Any CPU.Build.0 = Release|Any CPU
		{C1BA20D9-49AC-448E-9A08-701F67026340}.Debug|Any CPU.ActiveCfg = Debug|Any CPU
		{C1BA20D9-49AC-448E-9A08-701F67026340}.Debug|Any CPU.Build.0 = Debug|Any CPU
		{C1BA20D9-49AC-448E-9A08-701F67026340}.Release|Any CPU.ActiveCfg = Release|Any CPU
		{C1BA20D9-49AC-448E-9A08-701F67026340}.Release|Any CPU.Build.0 = Release|Any CPU
	EndGlobalSection
	GlobalSection(SolutionProperties) = preSolution
		HideSolutionNode = FALSE
	EndGlobalSection
	GlobalSection(ExtensibilityGlobals) = postSolution
		SolutionGuid = {32A1E19D-B5C9-494E-B1A4-786DEF642A8B}
	EndGlobalSection
EndGlobal
